
Microsoft Visual Studio Solution File, Format Version 12.00
# Visual Studio Version 17
VisualStudioVersion = 17.5.002.0
MinimumVisualStudioVersion = 10.0.40219.1
Project("{2150E333-8FDC-42A3-9474-1A3956D46DE8}") = "csharp-prep", "csharp-prep", "{3AC47040-8923-4D76-B781-55DB3EAF8AE9}"
EndProject
Project("{9A19103F-16F7-4668-BE54-9A1E7A4F7556}") = "Prep1", "csharp-prep\Prep1\Prep1.csproj", "{5F6BE9B9-1C53-4303-9050-0C6952673C32}"
EndProject
Project("{9A19103F-16F7-4668-BE54-9A1E7A4F7556}") = "Prep2", "csharp-prep\Prep2\Prep2.csproj", "{F052EFED-7B7C-4C70-BA3C-8935668D368C}"
EndProject
Project("{9A19103F-16F7-4668-BE54-9A1E7A4F7556}") = "Prep3", "csharp-prep\Prep3\Prep3.csproj", "{68B9A438-5DCC-4D97-A448-AC14BBCA20AB}"
EndProject
Project("{9A19103F-16F7-4668-BE54-9A1E7A4F7556}") = "Prep4", "csharp-prep\Prep4\Prep4.csproj", "{C21DC1C5-B46D-4D02-ABCB-0C2EC8F16A22}"
EndProject
Project("{9A19103F-16F7-4668-BE54-9A1E7A4F7556}") = "Prep5", "csharp-prep\Prep5\Prep5.csproj", "{2BD27DBC-787E-4BA0-BCC6-D9FB23DDA48B}"
EndProject
Project("{2150E333-8FDC-42A3-9474-1A3956D46DE8}") = "final", "final", "{0301615D-4680-4700-8CB7-E3561824CD65}"
EndProject
Project("{9A19103F-16F7-4668-BE54-9A1E7A4F7556}") = "FinalProject", "final\FinalProject\FinalProject.csproj", "{3D8A7EEB-81DC-44D8-9956-A512CE220B67}"
EndProject
Project("{9A19103F-16F7-4668-BE54-9A1E7A4F7556}") = "Foundation1", "final\Foundation1\Foundation1.csproj", "{29FCA5DE-8577-4927-9CE2-06CEB7A907DF}"
EndProject
Project("{9A19103F-16F7-4668-BE54-9A1E7A4F7556}") = "Foundation2", "final\Foundation2\Foundation2.csproj", "{40265321-D335-4648-B053-F987DCC7F08F}"
EndProject
Project("{9A19103F-16F7-4668-BE54-9A1E7A4F7556}") = "Foundation3", "final\Foundation3\Foundation3.csproj", "{476CD4DC-71C5-427C-A4AD-173799C396C0}"
EndProject
Project("{9A19103F-16F7-4668-BE54-9A1E7A4F7556}") = "Foundation4", "final\Foundation4\Foundation4.csproj", "{6D5FA698-7F45-44FD-A99A-D0AB8A04D541}"
EndProject
Project("{2150E333-8FDC-42A3-9474-1A3956D46DE8}") = "prepare", "prepare", "{D9033D7A-D1E0-4926-80DE-0C8057421D58}"
EndProject
Project("{9A19103F-16F7-4668-BE54-9A1E7A4F7556}") = "Learning02", "prepare\Learning02\Learning02.csproj", "{076A12C5-5C14-4E97-A19D-C3119C7130BF}"
EndProject
Project("{9A19103F-16F7-4668-BE54-9A1E7A4F7556}") = "Learning03", "prepare\Learning03\Learning03.csproj", "{05A8EBCF-3907-4BC6-BD69-C6B6BCCBC2B7}"
EndProject
Project("{9A19103F-16F7-4668-BE54-9A1E7A4F7556}") = "Learning04", "prepare\Learning04\Learning04.csproj", "{B23A4066-E1DC-430F-832C-92A8A8E99ABF}"
EndProject
Project("{9A19103F-16F7-4668-BE54-9A1E7A4F7556}") = "Learning05", "prepare\Learning05\Learning05.csproj", "{6B0BA4F2-057D-4C77-AAFE-C9B9C69FC85E}"
EndProject
Project("{2150E333-8FDC-42A3-9474-1A3956D46DE8}") = "prove", "prove", "{C0164706-3F78-42A4-BF57-0E3892E8D80F}"
EndProject
Project("{9A19103F-16F7-4668-BE54-9A1E7A4F7556}") = "Develop02", "prove\Develop02\Develop02.csproj", "{C368355E-540B-4BEA-B507-C8FA09E6545A}"
EndProject
Project("{9A19103F-16F7-4668-BE54-9A1E7A4F7556}") = "Develop03", "prove\Develop03\Develop03.csproj", "{2BC63705-5708-4B32-9F60-040C7CF8EF6B}"
EndProject
Project("{9A19103F-16F7-4668-BE54-9A1E7A4F7556}") = "Develop04", "prove\Develop04\Develop04.csproj", "{239FB88E-C19B-4897-8E87-F1C3B516CB50}"
EndProject
Project("{9A19103F-16F7-4668-BE54-9A1E7A4F7556}") = "Develop05", "prove\Develop05\Develop05.csproj", "{03DB1FD7-3C65-4F07-9BE2-BF093F08026A}"
EndProject
Project("{2150E333-8FDC-42A3-9474-1A3956D46DE8}") = "sandbox", "sandbox", "{50C8C91D-C318-48D1-B024-5D9CC5A18512}"
EndProject
Project("{9A19103F-16F7-4668-BE54-9A1E7A4F7556}") = "Sandbox", "sandbox\Sandbox\Sandbox.csproj", "{FA796A62-5692-4ACA-9670-091E65542C1A}"
EndProject
Global
	GlobalSection(SolutionConfigurationPlatforms) = preSolution
		Debug|Any CPU = Debug|Any CPU
		Release|Any CPU = Release|Any CPU
	EndGlobalSection
	GlobalSection(ProjectConfigurationPlatforms) = postSolution
		{5F6BE9B9-1C53-4303-9050-0C6952673C32}.Debug|Any CPU.ActiveCfg = Debug|Any CPU
		{5F6BE9B9-1C53-4303-9050-0C6952673C32}.Debug|Any CPU.Build.0 = Debug|Any CPU
		{5F6BE9B9-1C53-4303-9050-0C6952673C32}.Release|Any CPU.ActiveCfg = Release|Any CPU
		{5F6BE9B9-1C53-4303-9050-0C6952673C32}.Release|Any CPU.Build.0 = Release|Any CPU
		{F052EFED-7B7C-4C70-BA3C-8935668D368C}.Debug|Any CPU.ActiveCfg = Debug|Any CPU
		{F052EFED-7B7C-4C70-BA3C-8935668D368C}.Debug|Any CPU.Build.0 = Debug|Any CPU
		{F052EFED-7B7C-4C70-BA3C-8935668D368C}.Release|Any CPU.ActiveCfg = Release|Any CPU
		{F052EFED-7B7C-4C70-BA3C-8935668D368C}.Release|Any CPU.Build.0 = Release|Any CPU
		{68B9A438-5DCC-4D97-A448-AC14BBCA20AB}.Debug|Any CPU.ActiveCfg = Debug|Any CPU
		{68B9A438-5DCC-4D97-A448-AC14BBCA20AB}.Debug|Any CPU.Build.0 = Debug|Any CPU
		{68B9A438-5DCC-4D97-A448-AC14BBCA20AB}.Release|Any CPU.ActiveCfg = Release|Any CPU
		{68B9A438-5DCC-4D97-A448-AC14BBCA20AB}.Release|Any CPU.Build.0 = Release|Any CPU
		{C21DC1C5-B46D-4D02-ABCB-0C2EC8F16A22}.Debug|Any CPU.ActiveCfg = Debug|Any CPU
		{C21DC1C5-B46D-4D02-ABCB-0C2EC8F16A22}.Debug|Any CPU.Build.0 = Debug|Any CPU
		{C21DC1C5-B46D-4D02-ABCB-0C2EC8F16A22}.Release|Any CPU.ActiveCfg = Release|Any CPU
		{C21DC1C5-B46D-4D02-ABCB-0C2EC8F16A22}.Release|Any CPU.Build.0 = Release|Any CPU
		{2BD27DBC-787E-4BA0-BCC6-D9FB23DDA48B}.Debug|Any CPU.ActiveCfg = Debug|Any CPU
		{2BD27DBC-787E-4BA0-BCC6-D9FB23DDA48B}.Debug|Any CPU.Build.0 = Debug|Any CPU
		{2BD27DBC-787E-4BA0-BCC6-D9FB23DDA48B}.Release|Any CPU.ActiveCfg = Release|Any CPU
		{2BD27DBC-787E-4BA0-BCC6-D9FB23DDA48B}.Release|Any CPU.Build.0 = Release|Any CPU
		{3D8A7EEB-81DC-44D8-9956-A512CE220B67}.Debug|Any CPU.ActiveCfg = Debug|Any CPU
		{3D8A7EEB-81DC-44D8-9956-A512CE220B67}.Debug|Any CPU.Build.0 = Debug|Any CPU
		{3D8A7EEB-81DC-44D8-9956-A512CE220B67}.Release|Any CPU.ActiveCfg = Release|Any CPU
		{3D8A7EEB-81DC-44D8-9956-A512CE220B67}.Release|Any CPU.Build.0 = Release|Any CPU
		{29FCA5DE-8577-4927-9CE2-06CEB7A907DF}.Debug|Any CPU.ActiveCfg = Debug|Any CPU
		{29FCA5DE-8577-4927-9CE2-06CEB7A907DF}.Debug|Any CPU.Build.0 = Debug|Any CPU
		{29FCA5DE-8577-4927-9CE2-06CEB7A907DF}.Release|Any CPU.ActiveCfg = Release|Any CPU
		{29FCA5DE-8577-4927-9CE2-06CEB7A907DF}.Release|Any CPU.Build.0 = Release|Any CPU
		{40265321-D335-4648-B053-F987DCC7F08F}.Debug|Any CPU.ActiveCfg = Debug|Any CPU
		{40265321-D335-4648-B053-F987DCC7F08F}.Debug|Any CPU.Build.0 = Debug|Any CPU
		{40265321-D335-4648-B053-F987DCC7F08F}.Release|Any CPU.ActiveCfg = Release|Any CPU
		{40265321-D335-4648-B053-F987DCC7F08F}.Release|Any CPU.Build.0 = Release|Any CPU
		{476CD4DC-71C5-427C-A4AD-173799C396C0}.Debug|Any CPU.ActiveCfg = Debug|Any CPU
		{476CD4DC-71C5-427C-A4AD-173799C396C0}.Debug|Any CPU.Build.0 = Debug|Any CPU
		{476CD4DC-71C5-427C-A4AD-173799C396C0}.Release|Any CPU.ActiveCfg = Release|Any CPU
		{476CD4DC-71C5-427C-A4AD-173799C396C0}.Release|Any CPU.Build.0 = Release|Any CPU
		{6D5FA698-7F45-44FD-A99A-D0AB8A04D541}.Debug|Any CPU.ActiveCfg = Debug|Any CPU
		{6D5FA698-7F45-44FD-A99A-D0AB8A04D541}.Debug|Any CPU.Build.0 = Debug|Any CPU
		{6D5FA698-7F45-44FD-A99A-D0AB8A04D541}.Release|Any CPU.ActiveCfg = Release|Any CPU
		{6D5FA698-7F45-44FD-A99A-D0AB8A04D541}.Release|Any CPU.Build.0 = Release|Any CPU
		{076A12C5-5C14-4E97-A19D-C3119C7130BF}.Debug|Any CPU.ActiveCfg = Debug|Any CPU
		{076A12C5-5C14-4E97-A19D-C3119C7130BF}.Debug|Any CPU.Build.0 = Debug|Any CPU
		{076A12C5-5C14-4E97-A19D-C3119C7130BF}.Release|Any CPU.ActiveCfg = Release|Any CPU
		{076A12C5-5C14-4E97-A19D-C3119C7130BF}.Release|Any CPU.Build.0 = Release|Any CPU
		{05A8EBCF-3907-4BC6-BD69-C6B6BCCBC2B7}.Debug|Any CPU.ActiveCfg = Debug|Any CPU
		{05A8EBCF-3907-4BC6-BD69-C6B6BCCBC2B7}.Debug|Any CPU.Build.0 = Debug|Any CPU
		{05A8EBCF-3907-4BC6-BD69-C6B6BCCBC2B7}.Release|Any CPU.ActiveCfg = Release|Any CPU
		{05A8EBCF-3907-4BC6-BD69-C6B6BCCBC2B7}.Release|Any CPU.Build.0 = Release|Any CPU
		{B23A4066-E1DC-430F-832C-92A8A8E99ABF}.Debug|Any CPU.ActiveCfg = Debug|Any CPU
		{B23A4066-E1DC-430F-832C-92A8A8E99ABF}.Debug|Any CPU.Build.0 = Debug|Any CPU
		{B23A4066-E1DC-430F-832C-92A8A8E99ABF}.Release|Any CPU.ActiveCfg = Release|Any CPU
		{B23A4066-E1DC-430F-832C-92A8A8E99ABF}.Release|Any CPU.Build.0 = Release|Any CPU
		{6B0BA4F2-057D-4C77-AAFE-C9B9C69FC85E}.Debug|Any CPU.ActiveCfg = Debug|Any CPU
		{6B0BA4F2-057D-4C77-AAFE-C9B9C69FC85E}.Debug|Any CPU.Build.0 = Debug|Any CPU
		{6B0BA4F2-057D-4C77-AAFE-C9B9C69FC85E}.Release|Any CPU.ActiveCfg = Release|Any CPU
		{6B0BA4F2-057D-4C77-AAFE-C9B9C69FC85E}.Release|Any CPU.Build.0 = Release|Any CPU
		{C368355E-540B-4BEA-B507-C8FA09E6545A}.Debug|Any CPU.ActiveCfg = Debug|Any CPU
		{C368355E-540B-4BEA-B507-C8FA09E6545A}.Debug|Any CPU.Build.0 = Debug|Any CPU
		{C368355E-540B-4BEA-B507-C8FA09E6545A}.Release|Any CPU.ActiveCfg = Release|Any CPU
		{C368355E-540B-4BEA-B507-C8FA09E6545A}.Release|Any CPU.Build.0 = Release|Any CPU
		{2BC63705-5708-4B32-9F60-040C7CF8EF6B}.Debug|Any CPU.ActiveCfg = Debug|Any CPU
		{2BC63705-5708-4B32-9F60-040C7CF8EF6B}.Debug|Any CPU.Build.0 = Debug|Any CPU
		{2BC63705-5708-4B32-9F60-040C7CF8EF6B}.Release|Any CPU.ActiveCfg = Release|Any CPU
		{2BC63705-5708-4B32-9F60-040C7CF8EF6B}.Release|Any CPU.Build.0 = Release|Any CPU
		{239FB88E-C19B-4897-8E87-F1C3B516CB50}.Debug|Any CPU.ActiveCfg = Debug|Any CPU
		{239FB88E-C19B-4897-8E87-F1C3B516CB50}.Debug|Any CPU.Build.0 = Debug|Any CPU
		{239FB88E-C19B-4897-8E87-F1C3B516CB50}.Release|Any CPU.ActiveCfg = Release|Any CPU
		{239FB88E-C19B-4897-8E87-F1C3B516CB50}.Release|Any CPU.Build.0 = Release|Any CPU
		{03DB1FD7-3C65-4F07-9BE2-BF093F08026A}.Debug|Any CPU.ActiveCfg = Debug|Any CPU
		{03DB1FD7-3C65-4F07-9BE2-BF093F08026A}.Debug|Any CPU.Build.0 = Debug|Any CPU
		{03DB1FD7-3C65-4F07-9BE2-BF093F08026A}.Release|Any CPU.ActiveCfg = Release|Any CPU
		{03DB1FD7-3C65-4F07-9BE2-BF093F08026A}.Release|Any CPU.Build.0 = Release|Any CPU
		{FA796A62-5692-4ACA-9670-091E65542C1A}.Debug|Any CPU.ActiveCfg = Debug|Any CPU
		{FA796A62-5692-4ACA-9670-091E65542C1A}.Debug|Any CPU.Build.0 = Debug|Any CPU
		{FA796A62-5692-4ACA-9670-091E65542C1A}.Release|Any CPU.ActiveCfg = Release|Any CPU
		{FA796A62-5692-4ACA-9670-091E65542C1A}.Release|Any CPU.Build.0 = Release|Any CPU
	EndGlobalSection
	GlobalSection(SolutionProperties) = preSolution
		HideSolutionNode = FALSE
	EndGlobalSection
	GlobalSection(NestedProjects) = preSolution
		{5F6BE9B9-1C53-4303-9050-0C6952673C32} = {3AC47040-8923-4D76-B781-55DB3EAF8AE9}
		{F052EFED-7B7C-4C70-BA3C-8935668D368C} = {3AC47040-8923-4D76-B781-55DB3EAF8AE9}
		{68B9A438-5DCC-4D97-A448-AC14BBCA20AB} = {3AC47040-8923-4D76-B781-55DB3EAF8AE9}
		{C21DC1C5-B46D-4D02-ABCB-0C2EC8F16A22} = {3AC47040-8923-4D76-B781-55DB3EAF8AE9}
		{2BD27DBC-787E-4BA0-BCC6-D9FB23DDA48B} = {3AC47040-8923-4D76-B781-55DB3EAF8AE9}
		{3D8A7EEB-81DC-44D8-9956-A512CE220B67} = {0301615D-4680-4700-8CB7-E3561824CD65}
		{29FCA5DE-8577-4927-9CE2-06CEB7A907DF} = {0301615D-4680-4700-8CB7-E3561824CD65}
		{40265321-D335-4648-B053-F987DCC7F08F} = {0301615D-4680-4700-8CB7-E3561824CD65}
		{476CD4DC-71C5-427C-A4AD-173799C396C0} = {0301615D-4680-4700-8CB7-E3561824CD65}
		{6D5FA698-7F45-44FD-A99A-D0AB8A04D541} = {0301615D-4680-4700-8CB7-E3561824CD65}
		{076A12C5-5C14-4E97-A19D-C3119C7130BF} = {D9033D7A-D1E0-4926-80DE-0C8057421D58}
		{05A8EBCF-3907-4BC6-BD69-C6B6BCCBC2B7} = {D9033D7A-D1E0-4926-80DE-0C8057421D58}
		{B23A4066-E1DC-430F-832C-92A8A8E99ABF} = {D9033D7A-D1E0-4926-80DE-0C8057421D58}
		{6B0BA4F2-057D-4C77-AAFE-C9B9C69FC85E} = {D9033D7A-D1E0-4926-80DE-0C8057421D58}
		{C368355E-540B-4BEA-B507-C8FA09E6545A} = {C0164706-3F78-42A4-BF57-0E3892E8D80F}
		{2BC63705-5708-4B32-9F60-040C7CF8EF6B} = {C0164706-3F78-42A4-BF57-0E3892E8D80F}
		{239FB88E-C19B-4897-8E87-F1C3B516CB50} = {C0164706-3F78-42A4-BF57-0E3892E8D80F}
		{03DB1FD7-3C65-4F07-9BE2-BF093F08026A} = {C0164706-3F78-42A4-BF57-0E3892E8D80F}
		{FA796A62-5692-4ACA-9670-091E65542C1A} = {50C8C91D-C318-48D1-B024-5D9CC5A18512}
	EndGlobalSection
	GlobalSection(ExtensibilityGlobals) = postSolution
		SolutionGuid = {C6BE042F-869C-4908-A0C2-273221A7EE27}
	EndGlobalSection
EndGlobal
